PODS:
  - Flutter (1.0.0)
  - integration_test (0.0.1):
    - Flutter
  - pkgmgr (0.0.1):
    - Flutter

DEPENDENCIES:
  - Flutter (from `Flutter`)
  - integration_test (from `.symlinks/plugins/integration_test/ios`)
  - pkgmgr (from `.symlinks/plugins/pkgmgr/ios`)

EXTERNAL SOURCES:
  Flutter:
    :path: Flutter
  integration_test:
    :path: ".symlinks/plugins/integration_test/ios"
  pkgmgr:
    :path: ".symlinks/plugins/pkgmgr/ios"

SPEC CHECKSUMS:
  Flutter: e0871f40cf51350855a761d2e70bf5af5b9b5de7
  integration_test: 4a889634ef21a45d28d50d622cf412dc6d9f586e
  pkgmgr: e5e69d7991784ddb2c6bd8acfc8c881811dc1af4

PODFILE CHECKSUM: 4305caec6b40dde0ae97be1573c53de1882a07e5

COCOAPODS: 1.16.2
